
Microsoft Visual Studio Solution File, Format Version 12.00
# Visual Studio Version 17
VisualStudioVersion = 17.9.34607.119
MinimumVisualStudioVersion = 10.0.40219.1
Project("{FAE04EC0-301F-11D3-BF4B-00C04F79EFBC}") = "TSSMachineTest", "TSSMachineTest.csproj", "{C137F84D-5C74-4ACB-88C7-17D07A6AFAF3}"
EndProject
Project("{FAE04EC0-301F-11D3-BF4B-00C04F79EFBC}") = "TSSMachineTest.Data", "..\TSSMachineTest.Data\TSSMachineTest.Data.csproj", "{3077D968-DDAE-4D7F-BDE6-1A6B37AC4573}"
EndProject
Global
	GlobalSection(SolutionConfigurationPlatforms) = preSolution
		Debug|Any CPU = Debug|Any CPU
		Release|Any CPU = Release|Any CPU
	EndGlobalSection
	GlobalSection(ProjectConfigurationPlatforms) = postSolution
		{C137F84D-5C74-4ACB-88C7-17D07A6AFAF3}.Debug|Any CPU.ActiveCfg = Debug|Any CPU
		{C137F84D-5C74-4ACB-88C7-17D07A6AFAF3}.Debug|Any CPU.Build.0 = Debug|Any CPU
		{C137F84D-5C74-4ACB-88C7-17D07A6AFAF3}.Release|Any CPU.ActiveCfg = Release|Any CPU
		{C137F84D-5C74-4ACB-88C7-17D07A6AFAF3}.Release|Any CPU.Build.0 = Release|Any CPU
		{3077D968-DDAE-4D7F-BDE6-1A6B37AC4573}.Debug|Any CPU.ActiveCfg = Debug|Any CPU
		{3077D968-DDAE-4D7F-BDE6-1A6B37AC4573}.Debug|Any CPU.Build.0 = Debug|Any CPU
		{3077D968-DDAE-4D7F-BDE6-1A6B37AC4573}.Release|Any CPU.ActiveCfg = Release|Any CPU
		{3077D968-DDAE-4D7F-BDE6-1A6B37AC4573}.Release|Any CPU.Build.0 = Release|Any CPU
	EndGlobalSection
	GlobalSection(SolutionProperties) = preSolution
		HideSolutionNode = FALSE
	EndGlobalSection
	GlobalSection(ExtensibilityGlobals) = postSolution
		SolutionGuid = {6C904316-8F53-423A-97D4-16FEA8CF7915}
	EndGlobalSection
EndGlobal
